
Microsoft Visual Studio Solution File, Format Version 12.00
# Visual Studio 2012
Project("{FAE04EC0-301F-11D3-BF4B-00C04F79EFBC}") = "HangfireDemo", "HangfireDemo\HangfireDemo.csproj", "{D33B9EDE-3FA0-4B87-B9A7-81AC3D75CF52}"
EndProject
Project("{FAE04EC0-301F-11D3-BF4B-00C04F79EFBC}") = "HostStart", "HostStart\HostStart.csproj", "{2F1C6816-3867-4921-A45E-E001FFF0A1F4}"
EndProject
Global
	GlobalSection(SolutionConfigurationPlatforms) = preSolution
		Debug|Any CPU = Debug|Any CPU
		Release|Any CPU = Release|Any CPU
	EndGlobalSection
	GlobalSection(ProjectConfigurationPlatforms) = postSolution
		{D33B9EDE-3FA0-4B87-B9A7-81AC3D75CF52}.Debug|Any CPU.ActiveCfg = Debug|Any CPU
		{D33B9EDE-3FA0-4B87-B9A7-81AC3D75CF52}.Debug|Any CPU.Build.0 = Debug|Any CPU
		{D33B9EDE-3FA0-4B87-B9A7-81AC3D75CF52}.Release|Any CPU.ActiveCfg = Release|Any CPU
		{D33B9EDE-3FA0-4B87-B9A7-81AC3D75CF52}.Release|Any CPU.Build.0 = Release|Any CPU
		{2F1C6816-3867-4921-A45E-E001FFF0A1F4}.Debug|Any CPU.ActiveCfg = Debug|Any CPU
		{2F1C6816-3867-4921-A45E-E001FFF0A1F4}.Debug|Any CPU.Build.0 = Debug|Any CPU
		{2F1C6816-3867-4921-A45E-E001FFF0A1F4}.Release|Any CPU.ActiveCfg = Release|Any CPU
		{2F1C6816-3867-4921-A45E-E001FFF0A1F4}.Release|Any CPU.Build.0 = Release|Any CPU
	EndGlobalSection
	GlobalSection(SolutionProperties) = preSolution
		HideSolutionNode = FALSE
	EndGlobalSection
EndGlobal
